
Microsoft Visual Studio Solution File, Format Version 12.00
# Visual Studio Version 17
VisualStudioVersion = 17.2.32630.192
MinimumVisualStudioVersion = 10.0.40219.1
Project("{FAE04EC0-301F-11D3-BF4B-00C04F79EFBC}") = "AddressBook", "AddressBook\AddressBook.csproj", "{0A877BAA-89EB-4CA8-A9DA-EC0D722394C3}"
EndProject
Global
	GlobalSection(SolutionConfigurationPlatforms) = preSolution
		Debug|Any CPU = Debug|Any CPU
		Release|Any CPU = Release|Any CPU
	EndGlobalSection
	GlobalSection(ProjectConfigurationPlatforms) = postSolution
		{0A877BAA-89EB-4CA8-A9DA-EC0D722394C3}.Debug|Any CPU.ActiveCfg = Debug|Any CPU
		{0A877BAA-89EB-4CA8-A9DA-EC0D722394C3}.Debug|Any CPU.Build.0 = Debug|Any CPU
		{0A877BAA-89EB-4CA8-A9DA-EC0D722394C3}.Release|Any CPU.ActiveCfg = Release|Any CPU
		{0A877BAA-89EB-4CA8-A9DA-EC0D722394C3}.Release|Any CPU.Build.0 = Release|Any CPU
	EndGlobalSection
	GlobalSection(SolutionProperties) = preSolution
		HideSolutionNode = FALSE
	EndGlobalSection
	GlobalSection(ExtensibilityGlobals) = postSolution
		SolutionGuid = {FD398A33-29DD-4794-B6D5-4AF176F1A2DD}
	EndGlobalSection
EndGlobal
